
Microsoft Visual Studio Solution File, Format Version 12.00
# Visual Studio Version 17
VisualStudioVersion = 17.5.33414.496
MinimumVisualStudioVersion = 10.0.40219.1
Project("{F184B08F-C81C-45F6-A57F-5ABD9991F28F}") = "unit5a", "unit5a.vbproj", "{819FEC4F-62EA-4AB4-A7F7-B4EA356618EC}"
EndProject
Global
	GlobalSection(SolutionConfigurationPlatforms) = preSolution
		Debug|Any CPU = Debug|Any CPU
		Release|Any CPU = Release|Any CPU
	EndGlobalSection
	GlobalSection(ProjectConfigurationPlatforms) = postSolution
		{819FEC4F-62EA-4AB4-A7F7-B4EA356618EC}.Debug|Any CPU.ActiveCfg = Debug|Any CPU
		{819FEC4F-62EA-4AB4-A7F7-B4EA356618EC}.Debug|Any CPU.Build.0 = Debug|Any CPU
		{819FEC4F-62EA-4AB4-A7F7-B4EA356618EC}.Release|Any CPU.ActiveCfg = Release|Any CPU
		{819FEC4F-62EA-4AB4-A7F7-B4EA356618EC}.Release|Any CPU.Build.0 = Release|Any CPU
	EndGlobalSection
	GlobalSection(SolutionProperties) = preSolution
		HideSolutionNode = FALSE
	EndGlobalSection
	GlobalSection(ExtensibilityGlobals) = postSolution
		SolutionGuid = {AA18CE5C-4F56-48EC-B791-A9CDA4F8776E}
	EndGlobalSection
EndGlobal
