
Microsoft Visual Studio Solution File, Format Version 12.00
# Visual Studio Version 17
VisualStudioVersion = 17.4.33103.184
MinimumVisualStudioVersion = 10.0.40219.1
Project("{F184B08F-C81C-45F6-A57F-5ABD9991F28F}") = "assignment22", "assignment22.vbproj", "{54C9057F-5F8C-44FF-B98A-2E8FB8497BC1}"
EndProject
Global
	GlobalSection(SolutionConfigurationPlatforms) = preSolution
		Debug|Any CPU = Debug|Any CPU
		Release|Any CPU = Release|Any CPU
	EndGlobalSection
	GlobalSection(ProjectConfigurationPlatforms) = postSolution
		{54C9057F-5F8C-44FF-B98A-2E8FB8497BC1}.Debug|Any CPU.ActiveCfg = Debug|Any CPU
		{54C9057F-5F8C-44FF-B98A-2E8FB8497BC1}.Debug|Any CPU.Build.0 = Debug|Any CPU
		{54C9057F-5F8C-44FF-B98A-2E8FB8497BC1}.Release|Any CPU.ActiveCfg = Release|Any CPU
		{54C9057F-5F8C-44FF-B98A-2E8FB8497BC1}.Release|Any CPU.Build.0 = Release|Any CPU
	EndGlobalSection
	GlobalSection(SolutionProperties) = preSolution
		HideSolutionNode = FALSE
	EndGlobalSection
	GlobalSection(ExtensibilityGlobals) = postSolution
		SolutionGuid = {48AC477A-9ED9-4EC2-BD83-F26AF0D39166}
	EndGlobalSection
EndGlobal
