
Microsoft Visual Studio Solution File, Format Version 12.00
# Visual Studio Version 17
VisualStudioVersion = 17.4.33103.184
MinimumVisualStudioVersion = 10.0.40219.1
Project("{F184B08F-C81C-45F6-A57F-5ABD9991F28F}") = "assignment9( area of triangle)", "assignment9( area of triangle).vbproj", "{33D11EDB-27FE-434E-A71E-FB93E3090692}"
EndProject
Global
	GlobalSection(SolutionConfigurationPlatforms) = preSolution
		Debug|Any CPU = Debug|Any CPU
		Release|Any CPU = Release|Any CPU
	EndGlobalSection
	GlobalSection(ProjectConfigurationPlatforms) = postSolution
		{33D11EDB-27FE-434E-A71E-FB93E3090692}.Debug|Any CPU.ActiveCfg = Debug|Any CPU
		{33D11EDB-27FE-434E-A71E-FB93E3090692}.Debug|Any CPU.Build.0 = Debug|Any CPU
		{33D11EDB-27FE-434E-A71E-FB93E3090692}.Release|Any CPU.ActiveCfg = Release|Any CPU
		{33D11EDB-27FE-434E-A71E-FB93E3090692}.Release|Any CPU.Build.0 = Release|Any CPU
	EndGlobalSection
	GlobalSection(SolutionProperties) = preSolution
		HideSolutionNode = FALSE
	EndGlobalSection
	GlobalSection(ExtensibilityGlobals) = postSolution
		SolutionGuid = {9D0F8E2C-97F0-4B76-976C-C312DD74AF6E}
	EndGlobalSection
EndGlobal
