
Microsoft Visual Studio Solution File, Format Version 12.00
# Visual Studio Version 17
VisualStudioVersion = 17.4.33103.184
MinimumVisualStudioVersion = 10.0.40219.1
Project("{F184B08F-C81C-45F6-A57F-5ABD9991F28F}") = "assignment15( find whether a given number is positive or negative)", "assignment15( find whether a given number is positive or negative).vbproj", "{5DE35FC4-6D29-44C7-899E-F2D20E45D581}"
EndProject
Global
	GlobalSection(SolutionConfigurationPlatforms) = preSolution
		Debug|Any CPU = Debug|Any CPU
		Release|Any CPU = Release|Any CPU
	EndGlobalSection
	GlobalSection(ProjectConfigurationPlatforms) = postSolution
		{5DE35FC4-6D29-44C7-899E-F2D20E45D581}.Debug|Any CPU.ActiveCfg = Debug|Any CPU
		{5DE35FC4-6D29-44C7-899E-F2D20E45D581}.Debug|Any CPU.Build.0 = Debug|Any CPU
		{5DE35FC4-6D29-44C7-899E-F2D20E45D581}.Release|Any CPU.ActiveCfg = Release|Any CPU
		{5DE35FC4-6D29-44C7-899E-F2D20E45D581}.Release|Any CPU.Build.0 = Release|Any CPU
	EndGlobalSection
	GlobalSection(SolutionProperties) = preSolution
		HideSolutionNode = FALSE
	EndGlobalSection
	GlobalSection(ExtensibilityGlobals) = postSolution
		SolutionGuid = {22AEB034-D57F-42E1-A711-C4265F59492C}
	EndGlobalSection
EndGlobal
