
Microsoft Visual Studio Solution File, Format Version 12.00
# Visual Studio Version 17
VisualStudioVersion = 17.4.33103.184
MinimumVisualStudioVersion = 10.0.40219.1
Project("{F184B08F-C81C-45F6-A57F-5ABD9991F28F}") = "assignment10", "assignment10.vbproj", "{797D7F2C-07FF-455B-BD0D-131BD1D0900C}"
EndProject
Global
	GlobalSection(SolutionConfigurationPlatforms) = preSolution
		Debug|Any CPU = Debug|Any CPU
		Release|Any CPU = Release|Any CPU
	EndGlobalSection
	GlobalSection(ProjectConfigurationPlatforms) = postSolution
		{797D7F2C-07FF-455B-BD0D-131BD1D0900C}.Debug|Any CPU.ActiveCfg = Debug|Any CPU
		{797D7F2C-07FF-455B-BD0D-131BD1D0900C}.Debug|Any CPU.Build.0 = Debug|Any CPU
		{797D7F2C-07FF-455B-BD0D-131BD1D0900C}.Release|Any CPU.ActiveCfg = Release|Any CPU
		{797D7F2C-07FF-455B-BD0D-131BD1D0900C}.Release|Any CPU.Build.0 = Release|Any CPU
	EndGlobalSection
	GlobalSection(SolutionProperties) = preSolution
		HideSolutionNode = FALSE
	EndGlobalSection
	GlobalSection(ExtensibilityGlobals) = postSolution
		SolutionGuid = {7D63F790-F2C7-4BBF-863B-210B70C0EE35}
	EndGlobalSection
EndGlobal
