
Microsoft Visual Studio Solution File, Format Version 12.00
# Visual Studio Version 17
VisualStudioVersion = 17.4.33103.184
MinimumVisualStudioVersion = 10.0.40219.1
Project("{F184B08F-C81C-45F6-A57F-5ABD9991F28F}") = "assignment6 ( perimeter of rectangle)", "assignment6 ( perimeter of rectangle).vbproj", "{915049B0-C0F3-4752-AB52-0955FBE4F1E4}"
EndProject
Global
	GlobalSection(SolutionConfigurationPlatforms) = preSolution
		Debug|Any CPU = Debug|Any CPU
		Release|Any CPU = Release|Any CPU
	EndGlobalSection
	GlobalSection(ProjectConfigurationPlatforms) = postSolution
		{915049B0-C0F3-4752-AB52-0955FBE4F1E4}.Debug|Any CPU.ActiveCfg = Debug|Any CPU
		{915049B0-C0F3-4752-AB52-0955FBE4F1E4}.Debug|Any CPU.Build.0 = Debug|Any CPU
		{915049B0-C0F3-4752-AB52-0955FBE4F1E4}.Release|Any CPU.ActiveCfg = Release|Any CPU
		{915049B0-C0F3-4752-AB52-0955FBE4F1E4}.Release|Any CPU.Build.0 = Release|Any CPU
	EndGlobalSection
	GlobalSection(SolutionProperties) = preSolution
		HideSolutionNode = FALSE
	EndGlobalSection
	GlobalSection(ExtensibilityGlobals) = postSolution
		SolutionGuid = {FAD5FEF2-0E62-4DFD-8763-DC72C49ACE19}
	EndGlobalSection
EndGlobal
