
Microsoft Visual Studio Solution File, Format Version 12.00
# Visual Studio Version 17
VisualStudioVersion = 17.4.33103.184
MinimumVisualStudioVersion = 10.0.40219.1
Project("{F184B08F-C81C-45F6-A57F-5ABD9991F28F}") = "assignment 33(check whether a number is palindrome or not)", "assignment 33(check whether a number is palindrome or not).vbproj", "{208AD4B1-9168-43E7-956D-B342EC082734}"
EndProject
Global
	GlobalSection(SolutionConfigurationPlatforms) = preSolution
		Debug|Any CPU = Debug|Any CPU
		Release|Any CPU = Release|Any CPU
	EndGlobalSection
	GlobalSection(ProjectConfigurationPlatforms) = postSolution
		{208AD4B1-9168-43E7-956D-B342EC082734}.Debug|Any CPU.ActiveCfg = Debug|Any CPU
		{208AD4B1-9168-43E7-956D-B342EC082734}.Debug|Any CPU.Build.0 = Debug|Any CPU
		{208AD4B1-9168-43E7-956D-B342EC082734}.Release|Any CPU.ActiveCfg = Release|Any CPU
		{208AD4B1-9168-43E7-956D-B342EC082734}.Release|Any CPU.Build.0 = Release|Any CPU
	EndGlobalSection
	GlobalSection(SolutionProperties) = preSolution
		HideSolutionNode = FALSE
	EndGlobalSection
	GlobalSection(ExtensibilityGlobals) = postSolution
		SolutionGuid = {10C85C13-45B7-473B-AF0B-5007DA35EB7F}
	EndGlobalSection
EndGlobal
