
Microsoft Visual Studio Solution File, Format Version 12.00
# Visual Studio Version 17
VisualStudioVersion = 17.4.33213.308
MinimumVisualStudioVersion = 10.0.40219.1
Project("{F184B08F-C81C-45F6-A57F-5ABD9991F28F}") = "NOTEPAD", "NOTEPAD.vbproj", "{1F765CA0-742C-43EA-8C56-6EA5358A758D}"
EndProject
Project("{54435603-DBB4-11D2-8724-00A0C9A8B90C}") = "notepad_setup", "..\notepad_setup\notepad_setup.vdproj", "{DB049990-E432-4455-8614-75A857668EC8}"
EndProject
Global
	GlobalSection(SolutionConfigurationPlatforms) = preSolution
		Debug|Any CPU = Debug|Any CPU
		Release|Any CPU = Release|Any CPU
	EndGlobalSection
	GlobalSection(ProjectConfigurationPlatforms) = postSolution
		{1F765CA0-742C-43EA-8C56-6EA5358A758D}.Debug|Any CPU.ActiveCfg = Debug|Any CPU
		{1F765CA0-742C-43EA-8C56-6EA5358A758D}.Debug|Any CPU.Build.0 = Debug|Any CPU
		{1F765CA0-742C-43EA-8C56-6EA5358A758D}.Release|Any CPU.ActiveCfg = Release|Any CPU
		{1F765CA0-742C-43EA-8C56-6EA5358A758D}.Release|Any CPU.Build.0 = Release|Any CPU
		{DB049990-E432-4455-8614-75A857668EC8}.Debug|Any CPU.ActiveCfg = Debug
		{DB049990-E432-4455-8614-75A857668EC8}.Release|Any CPU.ActiveCfg = Release
	EndGlobalSection
	GlobalSection(SolutionProperties) = preSolution
		HideSolutionNode = FALSE
	EndGlobalSection
	GlobalSection(ExtensibilityGlobals) = postSolution
		SolutionGuid = {5EDA4055-B315-4EB8-9DF3-1922BBE5ACF4}
	EndGlobalSection
EndGlobal
