
Microsoft Visual Studio Solution File, Format Version 12.00
# Visual Studio Version 17
VisualStudioVersion = 17.4.33103.184
MinimumVisualStudioVersion = 10.0.40219.1
Project("{F184B08F-C81C-45F6-A57F-5ABD9991F28F}") = "assignmen 7(volume of cuboid)", "assignmen 7(volume of cuboid).vbproj", "{AA260D55-C174-4AAA-BACD-961EEB428F9B}"
EndProject
Global
	GlobalSection(SolutionConfigurationPlatforms) = preSolution
		Debug|Any CPU = Debug|Any CPU
		Release|Any CPU = Release|Any CPU
	EndGlobalSection
	GlobalSection(ProjectConfigurationPlatforms) = postSolution
		{AA260D55-C174-4AAA-BACD-961EEB428F9B}.Debug|Any CPU.ActiveCfg = Debug|Any CPU
		{AA260D55-C174-4AAA-BACD-961EEB428F9B}.Debug|Any CPU.Build.0 = Debug|Any CPU
		{AA260D55-C174-4AAA-BACD-961EEB428F9B}.Release|Any CPU.ActiveCfg = Release|Any CPU
		{AA260D55-C174-4AAA-BACD-961EEB428F9B}.Release|Any CPU.Build.0 = Release|Any CPU
	EndGlobalSection
	GlobalSection(SolutionProperties) = preSolution
		HideSolutionNode = FALSE
	EndGlobalSection
	GlobalSection(ExtensibilityGlobals) = postSolution
		SolutionGuid = {D36EA8DA-C76D-498E-800E-831C20D8F459}
	EndGlobalSection
EndGlobal
