
Microsoft Visual Studio Solution File, Format Version 12.00
# Visual Studio Version 17
VisualStudioVersion = 17.4.33122.133
MinimumVisualStudioVersion = 10.0.40219.1
Project("{F184B08F-C81C-45F6-A57F-5ABD9991F28F}") = "assignment8(area of circle)", "assignment8(area of circle)\assignment8(area of circle).vbproj", "{77761A1A-DCE0-498A-8ABF-65E321D2F61D}"
EndProject
Global
	GlobalSection(SolutionConfigurationPlatforms) = preSolution
		Debug|Any CPU = Debug|Any CPU
		Release|Any CPU = Release|Any CPU
	EndGlobalSection
	GlobalSection(ProjectConfigurationPlatforms) = postSolution
		{77761A1A-DCE0-498A-8ABF-65E321D2F61D}.Debug|Any CPU.ActiveCfg = Debug|Any CPU
		{77761A1A-DCE0-498A-8ABF-65E321D2F61D}.Debug|Any CPU.Build.0 = Debug|Any CPU
		{77761A1A-DCE0-498A-8ABF-65E321D2F61D}.Release|Any CPU.ActiveCfg = Release|Any CPU
		{77761A1A-DCE0-498A-8ABF-65E321D2F61D}.Release|Any CPU.Build.0 = Release|Any CPU
	EndGlobalSection
	GlobalSection(SolutionProperties) = preSolution
		HideSolutionNode = FALSE
	EndGlobalSection
	GlobalSection(ExtensibilityGlobals) = postSolution
		SolutionGuid = {C8E06CBA-5DE7-45FF-84D9-093C9C2EB4D0}
	EndGlobalSection
EndGlobal
